
Microsoft Visual Studio Solution File, Format Version 12.00
# Visual Studio Version 17
VisualStudioVersion = 17.0.32112.339
MinimumVisualStudioVersion = 10.0.40219.1
Project("{FAE04EC0-301F-11D3-BF4B-00C04F79EFBC}") = "TourOperator2", "TourOperator2\TourOperator2.csproj", "{6ED92861-7D1F-45DC-B7F1-3E9FA27596FE}"
EndProject
Global
	GlobalSection(SolutionConfigurationPlatforms) = preSolution
		Debug|Any CPU = Debug|Any CPU
		Release|Any CPU = Release|Any CPU
	EndGlobalSection
	GlobalSection(ProjectConfigurationPlatforms) = postSolution
		{6ED92861-7D1F-45DC-B7F1-3E9FA27596FE}.Debug|Any CPU.ActiveCfg = Debug|Any CPU
		{6ED92861-7D1F-45DC-B7F1-3E9FA27596FE}.Debug|Any CPU.Build.0 = Debug|Any CPU
		{6ED92861-7D1F-45DC-B7F1-3E9FA27596FE}.Release|Any CPU.ActiveCfg = Release|Any CPU
		{6ED92861-7D1F-45DC-B7F1-3E9FA27596FE}.Release|Any CPU.Build.0 = Release|Any CPU
	EndGlobalSection
	GlobalSection(SolutionProperties) = preSolution
		HideSolutionNode = FALSE
	EndGlobalSection
	GlobalSection(ExtensibilityGlobals) = postSolution
		SolutionGuid = {DE4A8C95-1178-4F25-9595-AFFF991EA83A}
	EndGlobalSection
EndGlobal
